<?xml version="1.0" encoding="utf-8"?>
<Project ToolsVersion="4.0" xmlns="http://schemas.microsoft.com/developer/msbuild/2003">
  <ItemGroup>
    <Filter Include="Source Files">
      <UniqueIdentifier>{bd430c04-8649-4b88-868c-02436accf864}</UniqueIdentifier>
      <Extensions>cpp;c;cxx;rc;def;r;odl;idl;hpj;bat</Extensions>
    </Filter>
    <Filter Include="Header Files">
      <UniqueIdentifier>{a215974d-d3b4-435e-80c9-25c695e999f5}</UniqueIdentifier>
      <Extensions>h;hpp;hxx;hm;inl</Extensions>
    </Filter>
    <Filter Include="Resource Files">
      <UniqueIdentifier>{8a9a8e62-ec87-4548-b843-c899e1f244b6}</UniqueIdentifier>
      <Extensions>ico;cur;bmp;dlg;rc2;rct;bin;rgs;gif;jpg;jpeg;jpe</Extensions>
    </Filter>
  </ItemGroup>
  <ItemGroup>
    <ClCompile Include="carattDlg.cpp">
      <Filter>Source Files</Filter>
    </ClCompile>
    <ClCompile Include="ed.cpp">
      <Filter>Source Files</Filter>
    </ClCompile>
    <ClCompile Include="edDlg.cpp">
      <Filter>Source Files</Filter>
    </ClCompile>
    <ClCompile Include="giocatore.cpp">
      <Filter>Source Files</Filter>
    </ClCompile>
    <ClCompile Include="graf.cpp">
      <Filter>Source Files</Filter>
    </ClCompile>
    <ClCompile Include="selezDlg.cpp">
      <Filter>Source Files</Filter>
    </ClCompile>
    <ClCompile Include="squadra.cpp">
      <Filter>Source Files</Filter>
    </ClCompile>
    <ClCompile Include="squadra_ml.cpp">
      <Filter>Source Files</Filter>
    </ClCompile>
    <ClCompile Include="StdAfx.cpp">
      <Filter>Source Files</Filter>
    </ClCompile>
    <ClCompile Include="tattDlg.cpp">
      <Filter>Source Files</Filter>
    </ClCompile>
    <ClCompile Include="tattica.cpp">
      <Filter>Source Files</Filter>
    </ClCompile>
    <ClCompile Include="myiotxt.cpp">
      <Filter>Source Files</Filter>
    </ClCompile>
    <ClCompile Include="editOptForm.cpp">
      <Filter>Source Files</Filter>
    </ClCompile>
  </ItemGroup>
  <ItemGroup>
    <Midl Include="ed.odl">
      <Filter>Source Files</Filter>
    </Midl>
  </ItemGroup>
  <ItemGroup>
    <ResourceCompile Include="ed.rc">
      <Filter>Source Files</Filter>
    </ResourceCompile>
  </ItemGroup>
  <ItemGroup>
    <ClInclude Include="carattDlg.h">
      <Filter>Header Files</Filter>
    </ClInclude>
    <ClInclude Include="ed.h">
      <Filter>Header Files</Filter>
    </ClInclude>
    <ClInclude Include="edDlg.h">
      <Filter>Header Files</Filter>
    </ClInclude>
    <ClInclude Include="giocatore.h">
      <Filter>Header Files</Filter>
    </ClInclude>
    <ClInclude Include="graf.h">
      <Filter>Header Files</Filter>
    </ClInclude>
    <ClInclude Include="Resource.h">
      <Filter>Header Files</Filter>
    </ClInclude>
    <ClInclude Include="selezDlg.h">
      <Filter>Header Files</Filter>
    </ClInclude>
    <ClInclude Include="squadra.h">
      <Filter>Header Files</Filter>
    </ClInclude>
    <ClInclude Include="squadra_ml.h">
      <Filter>Header Files</Filter>
    </ClInclude>
    <ClInclude Include="StdAfx.h">
      <Filter>Header Files</Filter>
    </ClInclude>
    <ClInclude Include="tattDlg.h">
      <Filter>Header Files</Filter>
    </ClInclude>
    <ClInclude Include="tattica.h">
      <Filter>Header Files</Filter>
    </ClInclude>
    <ClInclude Include="myiotxt.h">
      <Filter>Header Files</Filter>
    </ClInclude>
    <ClInclude Include="editOptForm.h">
      <Filter>Header Files</Filter>
    </ClInclude>
  </ItemGroup>
  <ItemGroup>
    <None Include="res\ed.ico">
      <Filter>Resource Files</Filter>
    </None>
    <None Include="res\ed.rc2">
      <Filter>Resource Files</Filter>
    </None>
    <None Include="ed.reg" />
    <None Include="ReadMe.txt" />
    <None Include="ClassDiagram1.cd" />
  </ItemGroup>
</Project>